
Microsoft Visual Studio Solution File, Format Version 12.00
# Visual Studio 15
VisualStudioVersion = 15.0.28307.902
MinimumVisualStudioVersion = 10.0.40219.1
Project("{8BC9CEB8-8B4A-11D0-8D11-00A0C91BC942}") = "reflective_padding", "reflective_padding\reflective_padding.vcxproj", "{67E79E6E-07AF-40DF-A0BF-6191DFEE482B}"
EndProject
Global
	GlobalSection(SolutionConfigurationPlatforms) = preSolution
		Debug|x64 = Debug|x64
		Debug|x86 = Debug|x86
		Release|x64 = Release|x64
		Release|x86 = Release|x86
	EndGlobalSection
	GlobalSection(ProjectConfigurationPlatforms) = postSolution
		{67E79E6E-07AF-40DF-A0BF-6191DFEE482B}.Debug|x64.ActiveCfg = Debug|x64
		{67E79E6E-07AF-40DF-A0BF-6191DFEE482B}.Debug|x64.Build.0 = Debug|x64
		{67E79E6E-07AF-40DF-A0BF-6191DFEE482B}.Debug|x86.ActiveCfg = Debug|Win32
		{67E79E6E-07AF-40DF-A0BF-6191DFEE482B}.Debug|x86.Build.0 = Debug|Win32
		{67E79E6E-07AF-40DF-A0BF-6191DFEE482B}.Release|x64.ActiveCfg = Release|x64
		{67E79E6E-07AF-40DF-A0BF-6191DFEE482B}.Release|x64.Build.0 = Release|x64
		{67E79E6E-07AF-40DF-A0BF-6191DFEE482B}.Release|x86.ActiveCfg = Release|Win32
		{67E79E6E-07AF-40DF-A0BF-6191DFEE482B}.Release|x86.Build.0 = Release|Win32
	EndGlobalSection
	GlobalSection(SolutionProperties) = preSolution
		HideSolutionNode = FALSE
	EndGlobalSection
	GlobalSection(ExtensibilityGlobals) = postSolution
		SolutionGuid = {0E1CB09A-21D8-4715-929D-2A569C80FA44}
	EndGlobalSection
EndGlobal
